// !$*UTF8*$!
{
	archiveVersion = 1;
	classes = {
	};
	objectVersion = 56;
	objects = {

/* Begin PBXBuildFile section */
		670DCE822C772AC50021AA23 /* WeatherTableViewCell.swift in Sources */ = {isa = PBXBuildFile; fileRef = 670DCE812C772AC50021AA23 /* WeatherTableViewCell.swift */; };
		670DCE862C7732090021AA23 /* SearchViewController.swift in Sources */ = {isa = PBXBuildFile; fileRef = 670DCE852C7732090021AA23 /* SearchViewController.swift */; };
		675E06852C5917EF00E5709B /* AppDelegate.swift in Sources */ = {isa = PBXBuildFile; fileRef = 675E06842C5917EF00E5709B /* AppDelegate.swift */; };
		675E06872C5917EF00E5709B /* SceneDelegate.swift in Sources */ = {isa = PBXBuildFile; fileRef = 675E06862C5917EF00E5709B /* SceneDelegate.swift */; };
		675E068C2C5917EF00E5709B /* Base in Resources */ = {isa = PBXBuildFile; fileRef = 675E068B2C5917EF00E5709B /* Base */; };
		675E06912C5917F200E5709B /* Assets.xcassets in Resources */ = {isa = PBXBuildFile; fileRef = 675E06902C5917F200E5709B /* Assets.xcassets */; };
		675E06942C5917F200E5709B /* Base in Resources */ = {isa = PBXBuildFile; fileRef = 675E06932C5917F200E5709B /* Base */; };
		67967F042C6B3C5E006A80A3 /* CurrencyViewController.swift in Sources */ = {isa = PBXBuildFile; fileRef = 67967F032C6B3C5E006A80A3 /* CurrencyViewController.swift */; };
		67967F072C6B99D9006A80A3 /* WeatherViewController.swift in Sources */ = {isa = PBXBuildFile; fileRef = 67967F062C6B99D9006A80A3 /* WeatherViewController.swift */; };
		67C26A492C7B793C0096126C /* MenuViewController.swift in Sources */ = {isa = PBXBuildFile; fileRef = 67C26A482C7B793C0096126C /* MenuViewController.swift */; };
		67C26A4C2C7B7C600096126C /* SettingsViewController.swift in Sources */ = {isa = PBXBuildFile; fileRef = 67C26A4B2C7B7C600096126C /* SettingsViewController.swift */; };
		67C26A4E2C7B89870096126C /* SignUpViewController.swift in Sources */ = {isa = PBXBuildFile; fileRef = 67C26A4D2C7B89870096126C /* SignUpViewController.swift */; };
		67C26A502C7B89C90096126C /* LogInViewController.swift in Sources */ = {isa = PBXBuildFile; fileRef = 67C26A4F2C7B89C90096126C /* LogInViewController.swift */; };
		67C26A6C2C7BA1510096126C /* GoogleService-Info.plist in Resources */ = {isa = PBXBuildFile; fileRef = 67C26A6B2C7BA1510096126C /* GoogleService-Info.plist */; };
		67C26A6F2C7BCF440096126C /* FirebaseAnalytics in Frameworks */ = {isa = PBXBuildFile; productRef = 67C26A6E2C7BCF440096126C /* FirebaseAnalytics */; };
		67C26A712C7BCF440096126C /* FirebaseAnalyticsOnDeviceConversion in Frameworks */ = {isa = PBXBuildFile; productRef = 67C26A702C7BCF440096126C /* FirebaseAnalyticsOnDeviceConversion */; };
		67C26A732C7BCF440096126C /* FirebaseAnalyticsWithoutAdIdSupport in Frameworks */ = {isa = PBXBuildFile; productRef = 67C26A722C7BCF440096126C /* FirebaseAnalyticsWithoutAdIdSupport */; };
		67C26A752C7BCF440096126C /* FirebaseAppCheck in Frameworks */ = {isa = PBXBuildFile; productRef = 67C26A742C7BCF440096126C /* FirebaseAppCheck */; };
		67C26A772C7BCF440096126C /* FirebaseAppDistribution-Beta in Frameworks */ = {isa = PBXBuildFile; productRef = 67C26A762C7BCF440096126C /* FirebaseAppDistribution-Beta */; };
		67C26A792C7BCF440096126C /* FirebaseAuth in Frameworks */ = {isa = PBXBuildFile; productRef = 67C26A782C7BCF440096126C /* FirebaseAuth */; };
		67C26A7B2C7BCF440096126C /* FirebaseAuthCombine-Community in Frameworks */ = {isa = PBXBuildFile; productRef = 67C26A7A2C7BCF440096126C /* FirebaseAuthCombine-Community */; };
		67C26A7D2C7BCF440096126C /* FirebaseCrashlytics in Frameworks */ = {isa = PBXBuildFile; productRef = 67C26A7C2C7BCF440096126C /* FirebaseCrashlytics */; };
		67C26A7F2C7BCF440096126C /* FirebaseDatabase in Frameworks */ = {isa = PBXBuildFile; productRef = 67C26A7E2C7BCF440096126C /* FirebaseDatabase */; };
		67C26A812C7BCF440096126C /* FirebaseDynamicLinks in Frameworks */ = {isa = PBXBuildFile; productRef = 67C26A802C7BCF440096126C /* FirebaseDynamicLinks */; };
		67C26A832C7BCF440096126C /* FirebaseFirestore in Frameworks */ = {isa = PBXBuildFile; productRef = 67C26A822C7BCF440096126C /* FirebaseFirestore */; };
		67C26A852C7BCF440096126C /* FirebaseFirestoreCombine-Community in Frameworks */ = {isa = PBXBuildFile; productRef = 67C26A842C7BCF440096126C /* FirebaseFirestoreCombine-Community */; };
		67C26A872C7BCF440096126C /* FirebaseFunctions in Frameworks */ = {isa = PBXBuildFile; productRef = 67C26A862C7BCF440096126C /* FirebaseFunctions */; };
		67C26A892C7BCF440096126C /* FirebaseFunctionsCombine-Community in Frameworks */ = {isa = PBXBuildFile; productRef = 67C26A882C7BCF440096126C /* FirebaseFunctionsCombine-Community */; };
		67C26A8B2C7BCF440096126C /* FirebaseInAppMessaging-Beta in Frameworks */ = {isa = PBXBuildFile; productRef = 67C26A8A2C7BCF440096126C /* FirebaseInAppMessaging-Beta */; };
		67C26A8D2C7BCF440096126C /* FirebaseInstallations in Frameworks */ = {isa = PBXBuildFile; productRef = 67C26A8C2C7BCF440096126C /* FirebaseInstallations */; };
		67C26A8F2C7BCF440096126C /* FirebaseMLModelDownloader in Frameworks */ = {isa = PBXBuildFile; productRef = 67C26A8E2C7BCF440096126C /* FirebaseMLModelDownloader */; };
		67C26A912C7BCF440096126C /* FirebaseMessaging in Frameworks */ = {isa = PBXBuildFile; productRef = 67C26A902C7BCF440096126C /* FirebaseMessaging */; };
		67C26A932C7BCF440096126C /* FirebasePerformance in Frameworks */ = {isa = PBXBuildFile; productRef = 67C26A922C7BCF440096126C /* FirebasePerformance */; };
		67C26A952C7BCF440096126C /* FirebaseRemoteConfig in Frameworks */ = {isa = PBXBuildFile; productRef = 67C26A942C7BCF440096126C /* FirebaseRemoteConfig */; };
		67C26A972C7BCF440096126C /* FirebaseStorage in Frameworks */ = {isa = PBXBuildFile; productRef = 67C26A962C7BCF440096126C /* FirebaseStorage */; };
		67C26A992C7BCF440096126C /* FirebaseStorageCombine-Community in Frameworks */ = {isa = PBXBuildFile; productRef = 67C26A982C7BCF440096126C /* FirebaseStorageCombine-Community */; };
		67C26A9B2C7BCF440096126C /* FirebaseVertexAI-Preview in Frameworks */ = {isa = PBXBuildFile; productRef = 67C26A9A2C7BCF440096126C /* FirebaseVertexAI-Preview */; };
		67C26A9E2C7BD2610096126C /* PharmacyViewController.swift in Sources */ = {isa = PBXBuildFile; fileRef = 67C26A9D2C7BD2610096126C /* PharmacyViewController.swift */; };
		67C2EE452C5F8D9E00E6FC6D /* NewsTableViewCell.swift in Sources */ = {isa = PBXBuildFile; fileRef = 67C2EE442C5F8D9E00E6FC6D /* NewsTableViewCell.swift */; };
		67C2EE472C5F8DA900E6FC6D /* APICaller.swift in Sources */ = {isa = PBXBuildFile; fileRef = 67C2EE462C5F8DA900E6FC6D /* APICaller.swift */; };
		67C2EE7C2C5FFDAC00E6FC6D /* ViewController.swift in Sources */ = {isa = PBXBuildFile; fileRef = 67C2EE7B2C5FFDAC00E6FC6D /* ViewController.swift */; };
		67C476DF2C60B25E00CF22D7 /* SideMenu in Frameworks */ = {isa = PBXBuildFile; productRef = 67C476DE2C60B25E00CF22D7 /* SideMenu */; };
		67C476E12C60F74C00CF22D7 /* MenuListController.swift in Sources */ = {isa = PBXBuildFile; fileRef = 67C476E02C60F74C00CF22D7 /* MenuListController.swift */; };
		67C476E52C614F2700CF22D7 /* LanguageViewController.swift in Sources */ = {isa = PBXBuildFile; fileRef = 67C476E42C614F2700CF22D7 /* LanguageViewController.swift */; };
		67C477012C621F4100CF22D7 /* Localizable.strings in Resources */ = {isa = PBXBuildFile; fileRef = 67C476FF2C621F4100CF22D7 /* Localizable.strings */; };
		67C4A0F62C7F3BEF0055F0DB /* CurrencyTableViewCell.swift in Sources */ = {isa = PBXBuildFile; fileRef = 67C4A0F52C7F3BEF0055F0DB /* CurrencyTableViewCell.swift */; };
		67C4A0FB2C7F5BA80055F0DB /* PharmacyTableViewCell.swift in Sources */ = {isa = PBXBuildFile; fileRef = 67C4A0FA2C7F5BA80055F0DB /* PharmacyTableViewCell.swift */; };
		67C4A0FD2C7F5C0D0055F0DB /* DetailViewController.swift in Sources */ = {isa = PBXBuildFile; fileRef = 67C4A0FC2C7F5C0D0055F0DB /* DetailViewController.swift */; };
		67EAF5922C626027006AD6F9 /* Localizable.swift in Sources */ = {isa = PBXBuildFile; fileRef = 67EAF5912C626027006AD6F9 /* Localizable.swift */; };
		67EFE9292C735F8C00259666 /* WeatherResponse.swift in Sources */ = {isa = PBXBuildFile; fileRef = 67EFE9282C735F8C00259666 /* WeatherResponse.swift */; };
/* End PBXBuildFile section */

/* Begin PBXFileReference section */
		670DCE812C772AC50021AA23 /* WeatherTableViewCell.swift */ = {isa = PBXFileReference; lastKnownFileType = sourcecode.swift; path = WeatherTableViewCell.swift; sourceTree = "<group>"; };
		670DCE852C7732090021AA23 /* SearchViewController.swift */ = {isa = PBXFileReference; lastKnownFileType = sourcecode.swift; path = SearchViewController.swift; sourceTree = "<group>"; };
		675E06812C5917EF00E5709B /* NewsApp.app */ = {isa = PBXFileReference; explicitFileType = wrapper.application; includeInIndex = 0; path = NewsApp.app; sourceTree = BUILT_PRODUCTS_DIR; };
		675E06842C5917EF00E5709B /* AppDelegate.swift */ = {isa = PBXFileReference; lastKnownFileType = sourcecode.swift; path = AppDelegate.swift; sourceTree = "<group>"; };
		675E06862C5917EF00E5709B /* SceneDelegate.swift */ = {isa = PBXFileReference; lastKnownFileType = sourcecode.swift; path = SceneDelegate.swift; sourceTree = "<group>"; };
		675E068B2C5917EF00E5709B /* Base */ = {isa = PBXFileReference; lastKnownFileType = file.storyboard; name = Base; path = Base.lproj/Main.storyboard; sourceTree = "<group>"; };
		675E06902C5917F200E5709B /* Assets.xcassets */ = {isa = PBXFileReference; lastKnownFileType = folder.assetcatalog; path = Assets.xcassets; sourceTree = "<group>"; };
		675E06932C5917F200E5709B /* Base */ = {isa = PBXFileReference; lastKnownFileType = file.storyboard; name = Base; path = Base.lproj/LaunchScreen.storyboard; sourceTree = "<group>"; };
		675E06952C5917F200E5709B /* Info.plist */ = {isa = PBXFileReference; lastKnownFileType = text.plist.xml; path = Info.plist; sourceTree = "<group>"; };
		67967F032C6B3C5E006A80A3 /* CurrencyViewController.swift */ = {isa = PBXFileReference; lastKnownFileType = sourcecode.swift; path = CurrencyViewController.swift; sourceTree = "<group>"; };
		67967F062C6B99D9006A80A3 /* WeatherViewController.swift */ = {isa = PBXFileReference; lastKnownFileType = sourcecode.swift; path = WeatherViewController.swift; sourceTree = "<group>"; };
		67C26A482C7B793C0096126C /* MenuViewController.swift */ = {isa = PBXFileReference; lastKnownFileType = sourcecode.swift; path = MenuViewController.swift; sourceTree = "<group>"; };
		67C26A4B2C7B7C600096126C /* SettingsViewController.swift */ = {isa = PBXFileReference; lastKnownFileType = sourcecode.swift; path = SettingsViewController.swift; sourceTree = "<group>"; };
		67C26A4D2C7B89870096126C /* SignUpViewController.swift */ = {isa = PBXFileReference; lastKnownFileType = sourcecode.swift; path = SignUpViewController.swift; sourceTree = "<group>"; };
		67C26A4F2C7B89C90096126C /* LogInViewController.swift */ = {isa = PBXFileReference; lastKnownFileType = sourcecode.swift; path = LogInViewController.swift; sourceTree = "<group>"; };
		67C26A6B2C7BA1510096126C /* GoogleService-Info.plist */ = {isa = PBXFileReference; fileEncoding = 4; lastKnownFileType = text.plist.xml; path = "GoogleService-Info.plist"; sourceTree = "<group>"; };
		67C26A9D2C7BD2610096126C /* PharmacyViewController.swift */ = {isa = PBXFileReference; lastKnownFileType = sourcecode.swift; path = PharmacyViewController.swift; sourceTree = "<group>"; };
		67C2EE442C5F8D9E00E6FC6D /* NewsTableViewCell.swift */ = {isa = PBXFileReference; fileEncoding = 4; lastKnownFileType = sourcecode.swift; path = NewsTableViewCell.swift; sourceTree = "<group>"; };
		67C2EE462C5F8DA900E6FC6D /* APICaller.swift */ = {isa = PBXFileReference; fileEncoding = 4; lastKnownFileType = sourcecode.swift; path = APICaller.swift; sourceTree = "<group>"; };
		67C2EE7B2C5FFDAC00E6FC6D /* ViewController.swift */ = {isa = PBXFileReference; lastKnownFileType = sourcecode.swift; path = ViewController.swift; sourceTree = "<group>"; };
		67C476E02C60F74C00CF22D7 /* MenuListController.swift */ = {isa = PBXFileReference; lastKnownFileType = sourcecode.swift; path = MenuListController.swift; sourceTree = "<group>"; };
		67C476E42C614F2700CF22D7 /* LanguageViewController.swift */ = {isa = PBXFileReference; lastKnownFileType = sourcecode.swift; path = LanguageViewController.swift; sourceTree = "<group>"; };
		67C477002C621F4100CF22D7 /* en */ = {isa = PBXFileReference; lastKnownFileType = text.plist.strings; name = en; path = en.lproj/Localizable.strings; sourceTree = "<group>"; };
		67C477052C623EF100CF22D7 /* en */ = {isa = PBXFileReference; lastKnownFileType = text.plist.strings; name = en; path = en.lproj/Main.strings; sourceTree = "<group>"; };
		67C477062C623F0800CF22D7 /* tr */ = {isa = PBXFileReference; lastKnownFileType = text.plist.strings; name = tr; path = tr.lproj/Main.strings; sourceTree = "<group>"; };
		67C477072C623F0800CF22D7 /* tr */ = {isa = PBXFileReference; lastKnownFileType = text.plist.strings; name = tr; path = tr.lproj/LaunchScreen.strings; sourceTree = "<group>"; };
		67C477082C623F1600CF22D7 /* tr */ = {isa = PBXFileReference; lastKnownFileType = text.plist.strings; name = tr; path = tr.lproj/Localizable.strings; sourceTree = "<group>"; };
		67C4A0F52C7F3BEF0055F0DB /* CurrencyTableViewCell.swift */ = {isa = PBXFileReference; lastKnownFileType = sourcecode.swift; path = CurrencyTableViewCell.swift; sourceTree = "<group>"; };
		67C4A0FA2C7F5BA80055F0DB /* PharmacyTableViewCell.swift */ = {isa = PBXFileReference; lastKnownFileType = sourcecode.swift; path = PharmacyTableViewCell.swift; sourceTree = "<group>"; };
		67C4A0FC2C7F5C0D0055F0DB /* DetailViewController.swift */ = {isa = PBXFileReference; lastKnownFileType = sourcecode.swift; path = DetailViewController.swift; sourceTree = "<group>"; };
		67EAF5912C626027006AD6F9 /* Localizable.swift */ = {isa = PBXFileReference; lastKnownFileType = sourcecode.swift; path = Localizable.swift; sourceTree = "<group>"; };
		67EFE9282C735F8C00259666 /* WeatherResponse.swift */ = {isa = PBXFileReference; lastKnownFileType = sourcecode.swift; path = WeatherResponse.swift; sourceTree = "<group>"; };
/* End PBXFileReference section */

/* Begin PBXFrameworksBuildPhase section */
		675E067E2C5917EF00E5709B /* Frameworks */ = {
			isa = PBXFrameworksBuildPhase;
			buildActionMask = 2147483647;
			files = (
				67C26A9B2C7BCF440096126C /* FirebaseVertexAI-Preview in Frameworks */,
				67C26A852C7BCF440096126C /* FirebaseFirestoreCombine-Community in Frameworks */,
				67C26A872C7BCF440096126C /* FirebaseFunctions in Frameworks */,
				67C26A932C7BCF440096126C /* FirebasePerformance in Frameworks */,
				67C26A992C7BCF440096126C /* FirebaseStorageCombine-Community in Frameworks */,
				67C26A952C7BCF440096126C /* FirebaseRemoteConfig in Frameworks */,
				67C26A7F2C7BCF440096126C /* FirebaseDatabase in Frameworks */,
				67C26A812C7BCF440096126C /* FirebaseDynamicLinks in Frameworks */,
				67C26A6F2C7BCF440096126C /* FirebaseAnalytics in Frameworks */,
				67C26A712C7BCF440096126C /* FirebaseAnalyticsOnDeviceConversion in Frameworks */,
				67C476DF2C60B25E00CF22D7 /* SideMenu in Frameworks */,
				67C26A832C7BCF440096126C /* FirebaseFirestore in Frameworks */,
				67C26A912C7BCF440096126C /* FirebaseMessaging in Frameworks */,
				67C26A8D2C7BCF440096126C /* FirebaseInstallations in Frameworks */,
				67C26A892C7BCF440096126C /* FirebaseFunctionsCombine-Community in Frameworks */,
				67C26A752C7BCF440096126C /* FirebaseAppCheck in Frameworks */,
				67C26A732C7BCF440096126C /* FirebaseAnalyticsWithoutAdIdSupport in Frameworks */,
				67C26A8B2C7BCF440096126C /* FirebaseInAppMessaging-Beta in Frameworks */,
				67C26A792C7BCF440096126C /* FirebaseAuth in Frameworks */,
				67C26A7D2C7BCF440096126C /* FirebaseCrashlytics in Frameworks */,
				67C26A8F2C7BCF440096126C /* FirebaseMLModelDownloader in Frameworks */,
				67C26A972C7BCF440096126C /* FirebaseStorage in Frameworks */,
				67C26A772C7BCF440096126C /* FirebaseAppDistribution-Beta in Frameworks */,
				67C26A7B2C7BCF440096126C /* FirebaseAuthCombine-Community in Frameworks */,
			);
			runOnlyForDeploymentPostprocessing = 0;
		};
/* End PBXFrameworksBuildPhase section */

/* Begin PBXGroup section */
		675E06782C5917EF00E5709B = {
			isa = PBXGroup;
			children = (
				675E06832C5917EF00E5709B /* NewsApp */,
				675E06822C5917EF00E5709B /* Products */,
			);
			sourceTree = "<group>";
		};
		675E06822C5917EF00E5709B /* Products */ = {
			isa = PBXGroup;
			children = (
				675E06812C5917EF00E5709B /* NewsApp.app */,
			);
			name = Products;
			sourceTree = "<group>";
		};
		675E06832C5917EF00E5709B /* NewsApp */ = {
			isa = PBXGroup;
			children = (
				67C26A4A2C7B7C4B0096126C /* Settings */,
				67C26A472C7B791E0096126C /* Menu */,
				67DA80BF2C642A7600B116AD /* SideBar */,
				678BC6CB2C69E71F00F3FEAD /* System */,
				675E06902C5917F200E5709B /* Assets.xcassets */,
				675E06952C5917F200E5709B /* Info.plist */,
				67C26A6B2C7BA1510096126C /* GoogleService-Info.plist */,
			);
			path = NewsApp;
			sourceTree = "<group>";
		};
		678BC6CB2C69E71F00F3FEAD /* System */ = {
			isa = PBXGroup;
			children = (
				675E06922C5917F200E5709B /* LaunchScreen.storyboard */,
				675E068A2C5917EF00E5709B /* Main.storyboard */,
				675E06842C5917EF00E5709B /* AppDelegate.swift */,
				675E06862C5917EF00E5709B /* SceneDelegate.swift */,
			);
			path = System;
			sourceTree = "<group>";
		};
		67967F022C6B3C13006A80A3 /* Currency */ = {
			isa = PBXGroup;
			children = (
				67967F032C6B3C5E006A80A3 /* CurrencyViewController.swift */,
				67C4A0F52C7F3BEF0055F0DB /* CurrencyTableViewCell.swift */,
			);
			path = Currency;
			sourceTree = "<group>";
		};
		67967F052C6B99BB006A80A3 /* Weather */ = {
			isa = PBXGroup;
			children = (
				67EFE9272C735F6C00259666 /* Models */,
				67967F062C6B99D9006A80A3 /* WeatherViewController.swift */,
				670DCE812C772AC50021AA23 /* WeatherTableViewCell.swift */,
				670DCE852C7732090021AA23 /* SearchViewController.swift */,
			);
			path = Weather;
			sourceTree = "<group>";
		};
		67C26A472C7B791E0096126C /* Menu */ = {
			isa = PBXGroup;
			children = (
				67C4A0F72C7F5B2D0055F0DB /* New Group */,
				67C26A482C7B793C0096126C /* MenuViewController.swift */,
				67DA80C02C642AB700B116AD /* News */,
				67967F052C6B99BB006A80A3 /* Weather */,
				67C26A9C2C7BD2270096126C /* Pharmacy */,
				67967F022C6B3C13006A80A3 /* Currency */,
			);
			path = Menu;
			sourceTree = "<group>";
		};
		67C26A4A2C7B7C4B0096126C /* Settings */ = {
			isa = PBXGroup;
			children = (
				67C26A4B2C7B7C600096126C /* SettingsViewController.swift */,
				67C26A4D2C7B89870096126C /* SignUpViewController.swift */,
				67C26A4F2C7B89C90096126C /* LogInViewController.swift */,
			);
			path = Settings;
			sourceTree = "<group>";
		};
		67C26A9C2C7BD2270096126C /* Pharmacy */ = {
			isa = PBXGroup;
			children = (
				67C26A9D2C7BD2610096126C /* PharmacyViewController.swift */,
				67C4A0FA2C7F5BA80055F0DB /* PharmacyTableViewCell.swift */,
				67C4A0FC2C7F5C0D0055F0DB /* DetailViewController.swift */,
			);
			path = Pharmacy;
			sourceTree = "<group>";
		};
		67C4A0F72C7F5B2D0055F0DB /* New Group */ = {
			isa = PBXGroup;
			children = (
			);
			path = "New Group";
			sourceTree = "<group>";
		};
		67DA80BF2C642A7600B116AD /* SideBar */ = {
			isa = PBXGroup;
			children = (
				67C476E42C614F2700CF22D7 /* LanguageViewController.swift */,
				67C476E02C60F74C00CF22D7 /* MenuListController.swift */,
				67EAF5912C626027006AD6F9 /* Localizable.swift */,
				67C476FF2C621F4100CF22D7 /* Localizable.strings */,
			);
			path = SideBar;
			sourceTree = "<group>";
		};
		67DA80C02C642AB700B116AD /* News */ = {
			isa = PBXGroup;
			children = (
				67C2EE7B2C5FFDAC00E6FC6D /* ViewController.swift */,
				67C2EE442C5F8D9E00E6FC6D /* NewsTableViewCell.swift */,
				67C2EE462C5F8DA900E6FC6D /* APICaller.swift */,
			);
			path = News;
			sourceTree = "<group>";
		};
		67EFE9272C735F6C00259666 /* Models */ = {
			isa = PBXGroup;
			children = (
				67EFE9282C735F8C00259666 /* WeatherResponse.swift */,
			);
			path = Models;
			sourceTree = "<group>";
		};
/* End PBXGroup section */

/* Begin PBXNativeTarget section */
		675E06802C5917EF00E5709B /* NewsApp */ = {
			isa = PBXNativeTarget;
			buildConfigurationList = 675E06982C5917F200E5709B /* Build configuration list for PBXNativeTarget "NewsApp" */;
			buildPhases = (
				675E067D2C5917EF00E5709B /* Sources */,
				675E067E2C5917EF00E5709B /* Frameworks */,
				675E067F2C5917EF00E5709B /* Resources */,
			);
			buildRules = (
			);
			dependencies = (
			);
			name = NewsApp;
			packageProductDependencies = (
				67C476DE2C60B25E00CF22D7 /* SideMenu */,
				67C26A6E2C7BCF440096126C /* FirebaseAnalytics */,
				67C26A702C7BCF440096126C /* FirebaseAnalyticsOnDeviceConversion */,
				67C26A722C7BCF440096126C /* FirebaseAnalyticsWithoutAdIdSupport */,
				67C26A742C7BCF440096126C /* FirebaseAppCheck */,
				67C26A762C7BCF440096126C /* FirebaseAppDistribution-Beta */,
				67C26A782C7BCF440096126C /* FirebaseAuth */,
				67C26A7A2C7BCF440096126C /* FirebaseAuthCombine-Community */,
				67C26A7C2C7BCF440096126C /* FirebaseCrashlytics */,
				67C26A7E2C7BCF440096126C /* FirebaseDatabase */,
				67C26A802C7BCF440096126C /* FirebaseDynamicLinks */,
				67C26A822C7BCF440096126C /* FirebaseFirestore */,
				67C26A842C7BCF440096126C /* FirebaseFirestoreCombine-Community */,
				67C26A862C7BCF440096126C /* FirebaseFunctions */,
				67C26A882C7BCF440096126C /* FirebaseFunctionsCombine-Community */,
				67C26A8A2C7BCF440096126C /* FirebaseInAppMessaging-Beta */,
				67C26A8C2C7BCF440096126C /* FirebaseInstallations */,
				67C26A8E2C7BCF440096126C /* FirebaseMLModelDownloader */,
				67C26A902C7BCF440096126C /* FirebaseMessaging */,
				67C26A922C7BCF440096126C /* FirebasePerformance */,
				67C26A942C7BCF440096126C /* FirebaseRemoteConfig */,
				67C26A962C7BCF440096126C /* FirebaseStorage */,
				67C26A982C7BCF440096126C /* FirebaseStorageCombine-Community */,
				67C26A9A2C7BCF440096126C /* FirebaseVertexAI-Preview */,
			);
			productName = NewsApp;
			productReference = 675E06812C5917EF00E5709B /* NewsApp.app */;
			productType = "com.apple.product-type.application";
		};
/* End PBXNativeTarget section */

/* Begin PBXProject section */
		675E06792C5917EF00E5709B /* Project object */ = {
			isa = PBXProject;
			attributes = {
				BuildIndependentTargetsInParallel = 1;
				LastSwiftUpdateCheck = 1540;
				LastUpgradeCheck = 1540;
				TargetAttributes = {
					675E06802C5917EF00E5709B = {
						CreatedOnToolsVersion = 15.4;
					};
				};
			};
			buildConfigurationList = 675E067C2C5917EF00E5709B /* Build configuration list for PBXProject "NewsApp" */;
			compatibilityVersion = "Xcode 14.0";
			developmentRegion = en;
			hasScannedForEncodings = 0;
			knownRegions = (
				en,
				Base,
				tr,
			);
			mainGroup = 675E06782C5917EF00E5709B;
			packageReferences = (
				67C476DD2C60B25E00CF22D7 /* XCRemoteSwiftPackageReference "SideMenu" */,
				67EFE93A2C736A9400259666 /* XCRemoteSwiftPackageReference "swift-numerics" */,
				67EFE9412C736B5000259666 /* XCRemoteSwiftPackageReference "realm-swift" */,
				67C26A6D2C7BCF440096126C /* XCRemoteSwiftPackageReference "firebase-ios-sdk" */,
			);
			productRefGroup = 675E06822C5917EF00E5709B /* Products */;
			projectDirPath = "";
			projectRoot = "";
			targets = (
				675E06802C5917EF00E5709B /* NewsApp */,
			);
		};
/* End PBXProject section */

/* Begin PBXResourcesBuildPhase section */
		675E067F2C5917EF00E5709B /* Resources */ = {
			isa = PBXResourcesBuildPhase;
			buildActionMask = 2147483647;
			files = (
				675E06912C5917F200E5709B /* Assets.xcassets in Resources */,
				67C477012C621F4100CF22D7 /* Localizable.strings in Resources */,
				67C26A6C2C7BA1510096126C /* GoogleService-Info.plist in Resources */,
				675E06942C5917F200E5709B /* Base in Resources */,
				675E068C2C5917EF00E5709B /* Base in Resources */,
			);
			runOnlyForDeploymentPostprocessing = 0;
		};
/* End PBXResourcesBuildPhase section */

/* Begin PBXSourcesBuildPhase section */
		675E067D2C5917EF00E5709B /* Sources */ = {
			isa = PBXSourcesBuildPhase;
			buildActionMask = 2147483647;
			files = (
				67C2EE7C2C5FFDAC00E6FC6D /* ViewController.swift in Sources */,
				67967F072C6B99D9006A80A3 /* WeatherViewController.swift in Sources */,
				675E06852C5917EF00E5709B /* AppDelegate.swift in Sources */,
				67C26A492C7B793C0096126C /* MenuViewController.swift in Sources */,
				67C26A502C7B89C90096126C /* LogInViewController.swift in Sources */,
				67C2EE452C5F8D9E00E6FC6D /* NewsTableViewCell.swift in Sources */,
				67C4A0FD2C7F5C0D0055F0DB /* DetailViewController.swift in Sources */,
				67C4A0F62C7F3BEF0055F0DB /* CurrencyTableViewCell.swift in Sources */,
				67C2EE472C5F8DA900E6FC6D /* APICaller.swift in Sources */,
				67C26A9E2C7BD2610096126C /* PharmacyViewController.swift in Sources */,
				67967F042C6B3C5E006A80A3 /* CurrencyViewController.swift in Sources */,
				67C476E12C60F74C00CF22D7 /* MenuListController.swift in Sources */,
				67C26A4C2C7B7C600096126C /* SettingsViewController.swift in Sources */,
				675E06872C5917EF00E5709B /* SceneDelegate.swift in Sources */,
				67C26A4E2C7B89870096126C /* SignUpViewController.swift in Sources */,
				670DCE862C7732090021AA23 /* SearchViewController.swift in Sources */,
				67EAF5922C626027006AD6F9 /* Localizable.swift in Sources */,
				67C476E52C614F2700CF22D7 /* LanguageViewController.swift in Sources */,
				670DCE822C772AC50021AA23 /* WeatherTableViewCell.swift in Sources */,
				67C4A0FB2C7F5BA80055F0DB /* PharmacyTableViewCell.swift in Sources */,
				67EFE9292C735F8C00259666 /* WeatherResponse.swift in Sources */,
			);
			runOnlyForDeploymentPostprocessing = 0;
		};
/* End PBXSourcesBuildPhase section */

/* Begin PBXVariantGroup section */
		675E068A2C5917EF00E5709B /* Main.storyboard */ = {
			isa = PBXVariantGroup;
			children = (
				675E068B2C5917EF00E5709B /* Base */,
				67C477052C623EF100CF22D7 /* en */,
				67C477062C623F0800CF22D7 /* tr */,
			);
			name = Main.storyboard;
			sourceTree = "<group>";
		};
		675E06922C5917F200E5709B /* LaunchScreen.storyboard */ = {
			isa = PBXVariantGroup;
			children = (
				675E06932C5917F200E5709B /* Base */,
				67C477072C623F0800CF22D7 /* tr */,
			);
			name = LaunchScreen.storyboard;
			sourceTree = "<group>";
		};
		67C476FF2C621F4100CF22D7 /* Localizable.strings */ = {
			isa = PBXVariantGroup;
			children = (
				67C477002C621F4100CF22D7 /* en */,
				67C477082C623F1600CF22D7 /* tr */,
			);
			name = Localizable.strings;
			sourceTree = "<group>";
		};
/* End PBXVariantGroup section */

/* Begin XCBuildConfiguration section */
		675E06962C5917F200E5709B /* Debug */ = {
			isa = XCBuildConfiguration;
			buildSettings = {
				ALWAYS_SEARCH_USER_PATHS = NO;
				ASSETCATALOG_COMPILER_GENERATE_SWIFT_ASSET_SYMBOL_EXTENSIONS = YES;
				CLANG_ANALYZER_LOCALIZABILITY_NONLOCALIZED = YES;
				CLANG_ANALYZER_NONNULL = YES;
				CLANG_ANALYZER_NUMBER_OBJECT_CONVERSION = YES_AGGRESSIVE;
				CLANG_CXX_LANGUAGE_STANDARD = "gnu++20";
				CLANG_ENABLE_MODULES = YES;
				CLANG_ENABLE_OBJC_ARC = YES;
				CLANG_ENABLE_OBJC_WEAK = YES;
				CLANG_WARN_BLOCK_CAPTURE_AUTORELEASING = YES;
				CLANG_WARN_BOOL_CONVERSION = YES;
				CLANG_WARN_COMMA = YES;
				CLANG_WARN_CONSTANT_CONVERSION = YES;
				CLANG_WARN_DEPRECATED_OBJC_IMPLEMENTATIONS = YES;
				CLANG_WARN_DIRECT_OBJC_ISA_USAGE = YES_ERROR;
				CLANG_WARN_DOCUMENTATION_COMMENTS = YES;
				CLANG_WARN_EMPTY_BODY = YES;
				CLANG_WARN_ENUM_CONVERSION = YES;
				CLANG_WARN_INFINITE_RECURSION = YES;
				CLANG_WARN_INT_CONVERSION = YES;
				CLANG_WARN_NON_LITERAL_NULL_CONVERSION = YES;
				CLANG_WARN_OBJC_IMPLICIT_RETAIN_SELF = YES;
				CLANG_WARN_OBJC_LITERAL_CONVERSION = YES;
				CLANG_WARN_OBJC_ROOT_CLASS = YES_ERROR;
				CLANG_WARN_QUOTED_INCLUDE_IN_FRAMEWORK_HEADER = YES;
				CLANG_WARN_RANGE_LOOP_ANALYSIS = YES;
				CLANG_WARN_STRICT_PROTOTYPES = YES;
				CLANG_WARN_SUSPICIOUS_MOVE = YES;
				CLANG_WARN_UNGUARDED_AVAILABILITY = YES_AGGRESSIVE;
				CLANG_WARN_UNREACHABLE_CODE = YES;
				CLANG_WARN__DUPLICATE_METHOD_MATCH = YES;
				COPY_PHASE_STRIP = NO;
				DEBUG_INFORMATION_FORMAT = dwarf;
				ENABLE_STRICT_OBJC_MSGSEND = YES;
				ENABLE_TESTABILITY = YES;
				ENABLE_USER_SCRIPT_SANDBOXING = YES;
				GCC_C_LANGUAGE_STANDARD = gnu17;
				GCC_DYNAMIC_NO_PIC = NO;
				GCC_NO_COMMON_BLOCKS = YES;
				GCC_OPTIMIZATION_LEVEL = 0;
				GCC_PREPROCESSOR_DEFINITIONS = (
					"DEBUG=1",
					"$(inherited)",
				);
				GCC_WARN_64_TO_32_BIT_CONVERSION = YES;
				GCC_WARN_ABOUT_RETURN_TYPE = YES_ERROR;
				GCC_WARN_UNDECLARED_SELECTOR = YES;
				GCC_WARN_UNINITIALIZED_AUTOS = YES_AGGRESSIVE;
				GCC_WARN_UNUSED_FUNCTION = YES;
				GCC_WARN_UNUSED_VARIABLE = YES;
				IPHONEOS_DEPLOYMENT_TARGET = 17.5;
				LOCALIZATION_PREFERS_STRING_CATALOGS = YES;
				MTL_ENABLE_DEBUG_INFO = INCLUDE_SOURCE;
				MTL_FAST_MATH = YES;
				ONLY_ACTIVE_ARCH = YES;
				SDKROOT = iphoneos;
				SWIFT_ACTIVE_COMPILATION_CONDITIONS = "DEBUG $(inherited)";
				SWIFT_OPTIMIZATION_LEVEL = "-Onone";
			};
			name = Debug;
		};
		675E06972C5917F200E5709B /* Release */ = {
			isa = XCBuildConfiguration;
			buildSettings = {
				ALWAYS_SEARCH_USER_PATHS = NO;
				ASSETCATALOG_COMPILER_GENERATE_SWIFT_ASSET_SYMBOL_EXTENSIONS = YES;
				CLANG_ANALYZER_LOCALIZABILITY_NONLOCALIZED = YES;
				CLANG_ANALYZER_NONNULL = YES;
				CLANG_ANALYZER_NUMBER_OBJECT_CONVERSION = YES_AGGRESSIVE;
				CLANG_CXX_LANGUAGE_STANDARD = "gnu++20";
				CLANG_ENABLE_MODULES = YES;
				CLANG_ENABLE_OBJC_ARC = YES;
				CLANG_ENABLE_OBJC_WEAK = YES;
				CLANG_WARN_BLOCK_CAPTURE_AUTORELEASING = YES;
				CLANG_WARN_BOOL_CONVERSION = YES;
				CLANG_WARN_COMMA = YES;
				CLANG_WARN_CONSTANT_CONVERSION = YES;
				CLANG_WARN_DEPRECATED_OBJC_IMPLEMENTATIONS = YES;
				CLANG_WARN_DIRECT_OBJC_ISA_USAGE = YES_ERROR;
				CLANG_WARN_DOCUMENTATION_COMMENTS = YES;
				CLANG_WARN_EMPTY_BODY = YES;
				CLANG_WARN_ENUM_CONVERSION = YES;
				CLANG_WARN_INFINITE_RECURSION = YES;
				CLANG_WARN_INT_CONVERSION = YES;
				CLANG_WARN_NON_LITERAL_NULL_CONVERSION = YES;
				CLANG_WARN_OBJC_IMPLICIT_RETAIN_SELF = YES;
				CLANG_WARN_OBJC_LITERAL_CONVERSION = YES;
				CLANG_WARN_OBJC_ROOT_CLASS = YES_ERROR;
				CLANG_WARN_QUOTED_INCLUDE_IN_FRAMEWORK_HEADER = YES;
				CLANG_WARN_RANGE_LOOP_ANALYSIS = YES;
				CLANG_WARN_STRICT_PROTOTYPES = YES;
				CLANG_WARN_SUSPICIOUS_MOVE = YES;
				CLANG_WARN_UNGUARDED_AVAILABILITY = YES_AGGRESSIVE;
				CLANG_WARN_UNREACHABLE_CODE = YES;
				CLANG_WARN__DUPLICATE_METHOD_MATCH = YES;
				COPY_PHASE_STRIP = NO;
				DEBUG_INFORMATION_FORMAT = "dwarf-with-dsym";
				ENABLE_NS_ASSERTIONS = NO;
				ENABLE_STRICT_OBJC_MSGSEND = YES;
				ENABLE_USER_SCRIPT_SANDBOXING = YES;
				GCC_C_LANGUAGE_STANDARD = gnu17;
				GCC_NO_COMMON_BLOCKS = YES;
				GCC_WARN_64_TO_32_BIT_CONVERSION = YES;
				GCC_WARN_ABOUT_RETURN_TYPE = YES_ERROR;
				GCC_WARN_UNDECLARED_SELECTOR = YES;
				GCC_WARN_UNINITIALIZED_AUTOS = YES_AGGRESSIVE;
				GCC_WARN_UNUSED_FUNCTION = YES;
				GCC_WARN_UNUSED_VARIABLE = YES;
				IPHONEOS_DEPLOYMENT_TARGET = 17.5;
				LOCALIZATION_PREFERS_STRING_CATALOGS = YES;
				MTL_ENABLE_DEBUG_INFO = NO;
				MTL_FAST_MATH = YES;
				SDKROOT = iphoneos;
				SWIFT_COMPILATION_MODE = wholemodule;
				VALIDATE_PRODUCT = YES;
			};
			name = Release;
		};
		675E06992C5917F200E5709B /* Debug */ = {
			isa = XCBuildConfiguration;
			buildSettings = {
				ASSETCATALOG_COMPILER_APPICON_NAME = AppIcon;
				ASSETCATALOG_COMPILER_GLOBAL_ACCENT_COLOR_NAME = AccentColor;
				CODE_SIGN_STYLE = Automatic;
				CURRENT_PROJECT_VERSION = 1;
				DEVELOPMENT_TEAM = 26MRJS5JNB;
				GENERATE_INFOPLIST_FILE = YES;
				INFOPLIST_FILE = NewsApp/Info.plist;
				INFOPLIST_KEY_UIApplicationSupportsIndirectInputEvents = YES;
				INFOPLIST_KEY_UILaunchStoryboardName = LaunchScreen;
				INFOPLIST_KEY_UIMainStoryboardFile = Main;
				INFOPLIST_KEY_UISupportedInterfaceOrientations_iPad = "UIInterfaceOrientationPortrait UIInterfaceOrientationPortraitUpsideDown UIInterfaceOrientationLandscapeLeft UIInterfaceOrientationLandscapeRight";
				INFOPLIST_KEY_UISupportedInterfaceOrientations_iPhone = "UIInterfaceOrientationPortrait UIInterfaceOrientationLandscapeLeft UIInterfaceOrientationLandscapeRight";
				IPHONEOS_DEPLOYMENT_TARGET = 16.0;
				LD_RUNPATH_SEARCH_PATHS = (
					"$(inherited)",
					"@executable_path/Frameworks",
				);
				MARKETING_VERSION = 1.0;
				PRODUCT_BUNDLE_IDENTIFIER = com.elifataseven.NewsApp;
				PRODUCT_NAME = "$(TARGET_NAME)";
				SUPPORTED_PLATFORMS = "iphoneos iphonesimulator";
				SUPPORTS_MACCATALYST = NO;
				SUPPORTS_MAC_DESIGNED_FOR_IPHONE_IPAD = NO;
				SUPPORTS_XR_DESIGNED_FOR_IPHONE_IPAD = NO;
				SWIFT_EMIT_LOC_STRINGS = YES;
				SWIFT_VERSION = 5.0;
				TARGETED_DEVICE_FAMILY = "1,2";
			};
			name = Debug;
		};
		675E069A2C5917F200E5709B /* Release */ = {
			isa = XCBuildConfiguration;
			buildSettings = {
				ASSETCATALOG_COMPILER_APPICON_NAME = AppIcon;
				ASSETCATALOG_COMPILER_GLOBAL_ACCENT_COLOR_NAME = AccentColor;
				CODE_SIGN_STYLE = Automatic;
				CURRENT_PROJECT_VERSION = 1;
				DEVELOPMENT_TEAM = 26MRJS5JNB;
				GENERATE_INFOPLIST_FILE = YES;
				INFOPLIST_FILE = NewsApp/Info.plist;
				INFOPLIST_KEY_UIApplicationSupportsIndirectInputEvents = YES;
				INFOPLIST_KEY_UILaunchStoryboardName = LaunchScreen;
				INFOPLIST_KEY_UIMainStoryboardFile = Main;
				INFOPLIST_KEY_UISupportedInterfaceOrientations_iPad = "UIInterfaceOrientationPortrait UIInterfaceOrientationPortraitUpsideDown UIInterfaceOrientationLandscapeLeft UIInterfaceOrientationLandscapeRight";
				INFOPLIST_KEY_UISupportedInterfaceOrientations_iPhone = "UIInterfaceOrientationPortrait UIInterfaceOrientationLandscapeLeft UIInterfaceOrientationLandscapeRight";
				IPHONEOS_DEPLOYMENT_TARGET = 16.0;
				LD_RUNPATH_SEARCH_PATHS = (
					"$(inherited)",
					"@executable_path/Frameworks",
				);
				MARKETING_VERSION = 1.0;
				PRODUCT_BUNDLE_IDENTIFIER = com.elifataseven.NewsApp;
				PRODUCT_NAME = "$(TARGET_NAME)";
				SUPPORTED_PLATFORMS = "iphoneos iphonesimulator";
				SUPPORTS_MACCATALYST = NO;
				SUPPORTS_MAC_DESIGNED_FOR_IPHONE_IPAD = NO;
				SUPPORTS_XR_DESIGNED_FOR_IPHONE_IPAD = NO;
				SWIFT_EMIT_LOC_STRINGS = YES;
				SWIFT_VERSION = 5.0;
				TARGETED_DEVICE_FAMILY = "1,2";
			};
			name = Release;
		};
/* End XCBuildConfiguration section */

/* Begin XCConfigurationList section */
		675E067C2C5917EF00E5709B /* Build configuration list for PBXProject "NewsApp" */ = {
			isa = XCConfigurationList;
			buildConfigurations = (
				675E06962C5917F200E5709B /* Debug */,
				675E06972C5917F200E5709B /* Release */,
			);
			defaultConfigurationIsVisible = 0;
			defaultConfigurationName = Release;
		};
		675E06982C5917F200E5709B /* Build configuration list for PBXNativeTarget "NewsApp" */ = {
			isa = XCConfigurationList;
			buildConfigurations = (
				675E06992C5917F200E5709B /* Debug */,
				675E069A2C5917F200E5709B /* Release */,
			);
			defaultConfigurationIsVisible = 0;
			defaultConfigurationName = Release;
		};
/* End XCConfigurationList section */

/* Begin XCRemoteSwiftPackageReference section */
		67C26A6D2C7BCF440096126C /* XCRemoteSwiftPackageReference "firebase-ios-sdk" */ = {
			isa = XCRemoteSwiftPackageReference;
			repositoryURL = "https://github.com/firebase/firebase-ios-sdk.git";
			requirement = {
				kind = upToNextMajorVersion;
				minimumVersion = 11.1.0;
			};
		};
		67C476DD2C60B25E00CF22D7 /* XCRemoteSwiftPackageReference "SideMenu" */ = {
			isa = XCRemoteSwiftPackageReference;
			repositoryURL = "https://github.com/jonkykong/SideMenu";
			requirement = {
				kind = upToNextMajorVersion;
				minimumVersion = 6.5.0;
			};
		};
		67EFE93A2C736A9400259666 /* XCRemoteSwiftPackageReference "swift-numerics" */ = {
			isa = XCRemoteSwiftPackageReference;
			repositoryURL = "https://github.com/apple/swift-numerics.git";
			requirement = {
				kind = upToNextMajorVersion;
				minimumVersion = 1.0.2;
			};
		};
		67EFE9412C736B5000259666 /* XCRemoteSwiftPackageReference "realm-swift" */ = {
			isa = XCRemoteSwiftPackageReference;
			repositoryURL = "https://github.com/realm/realm-swift";
			requirement = {
				branch = master;
				kind = branch;
			};
		};
/* End XCRemoteSwiftPackageReference section */

/* Begin XCSwiftPackageProductDependency section */
		67C26A6E2C7BCF440096126C /* FirebaseAnalytics */ = {
			isa = XCSwiftPackageProductDependency;
			package = 67C26A6D2C7BCF440096126C /* XCRemoteSwiftPackageReference "firebase-ios-sdk" */;
			productName = FirebaseAnalytics;
		};
		67C26A702C7BCF440096126C /* FirebaseAnalyticsOnDeviceConversion */ = {
			isa = XCSwiftPackageProductDependency;
			package = 67C26A6D2C7BCF440096126C /* XCRemoteSwiftPackageReference "firebase-ios-sdk" */;
			productName = FirebaseAnalyticsOnDeviceConversion;
		};
		67C26A722C7BCF440096126C /* FirebaseAnalyticsWithoutAdIdSupport */ = {
			isa = XCSwiftPackageProductDependency;
			package = 67C26A6D2C7BCF440096126C /* XCRemoteSwiftPackageReference "firebase-ios-sdk" */;
			productName = FirebaseAnalyticsWithoutAdIdSupport;
		};
		67C26A742C7BCF440096126C /* FirebaseAppCheck */ = {
			isa = XCSwiftPackageProductDependency;
			package = 67C26A6D2C7BCF440096126C /* XCRemoteSwiftPackageReference "firebase-ios-sdk" */;
			productName = FirebaseAppCheck;
		};
		67C26A762C7BCF440096126C /* FirebaseAppDistribution-Beta */ = {
			isa = XCSwiftPackageProductDependency;
			package = 67C26A6D2C7BCF440096126C /* XCRemoteSwiftPackageReference "firebase-ios-sdk" */;
			productName = "FirebaseAppDistribution-Beta";
		};
		67C26A782C7BCF440096126C /* FirebaseAuth */ = {
			isa = XCSwiftPackageProductDependency;
			package = 67C26A6D2C7BCF440096126C /* XCRemoteSwiftPackageReference "firebase-ios-sdk" */;
			productName = FirebaseAuth;
		};
		67C26A7A2C7BCF440096126C /* FirebaseAuthCombine-Community */ = {
			isa = XCSwiftPackageProductDependency;
			package = 67C26A6D2C7BCF440096126C /* XCRemoteSwiftPackageReference "firebase-ios-sdk" */;
			productName = "FirebaseAuthCombine-Community";
		};
		67C26A7C2C7BCF440096126C /* FirebaseCrashlytics */ = {
			isa = XCSwiftPackageProductDependency;
			package = 67C26A6D2C7BCF440096126C /* XCRemoteSwiftPackageReference "firebase-ios-sdk" */;
			productName = FirebaseCrashlytics;
		};
		67C26A7E2C7BCF440096126C /* FirebaseDatabase */ = {
			isa = XCSwiftPackageProductDependency;
			package = 67C26A6D2C7BCF440096126C /* XCRemoteSwiftPackageReference "firebase-ios-sdk" */;
			productName = FirebaseDatabase;
		};
		67C26A802C7BCF440096126C /* FirebaseDynamicLinks */ = {
			isa = XCSwiftPackageProductDependency;
			package = 67C26A6D2C7BCF440096126C /* XCRemoteSwiftPackageReference "firebase-ios-sdk" */;
			productName = FirebaseDynamicLinks;
		};
		67C26A822C7BCF440096126C /* FirebaseFirestore */ = {
			isa = XCSwiftPackageProductDependency;
			package = 67C26A6D2C7BCF440096126C /* XCRemoteSwiftPackageReference "firebase-ios-sdk" */;
			productName = FirebaseFirestore;
		};
		67C26A842C7BCF440096126C /* FirebaseFirestoreCombine-Community */ = {
			isa = XCSwiftPackageProductDependency;
			package = 67C26A6D2C7BCF440096126C /* XCRemoteSwiftPackageReference "firebase-ios-sdk" */;
			productName = "FirebaseFirestoreCombine-Community";
		};
		67C26A862C7BCF440096126C /* FirebaseFunctions */ = {
			isa = XCSwiftPackageProductDependency;
			package = 67C26A6D2C7BCF440096126C /* XCRemoteSwiftPackageReference "firebase-ios-sdk" */;
			productName = FirebaseFunctions;
		};
		67C26A882C7BCF440096126C /* FirebaseFunctionsCombine-Community */ = {
			isa = XCSwiftPackageProductDependency;
			package = 67C26A6D2C7BCF440096126C /* XCRemoteSwiftPackageReference "firebase-ios-sdk" */;
			productName = "FirebaseFunctionsCombine-Community";
		};
		67C26A8A2C7BCF440096126C /* FirebaseInAppMessaging-Beta */ = {
			isa = XCSwiftPackageProductDependency;
			package = 67C26A6D2C7BCF440096126C /* XCRemoteSwiftPackageReference "firebase-ios-sdk" */;
			productName = "FirebaseInAppMessaging-Beta";
		};
		67C26A8C2C7BCF440096126C /* FirebaseInstallations */ = {
			isa = XCSwiftPackageProductDependency;
			package = 67C26A6D2C7BCF440096126C /* XCRemoteSwiftPackageReference "firebase-ios-sdk" */;
			productName = FirebaseInstallations;
		};
		67C26A8E2C7BCF440096126C /* FirebaseMLModelDownloader */ = {
			isa = XCSwiftPackageProductDependency;
			package = 67C26A6D2C7BCF440096126C /* XCRemoteSwiftPackageReference "firebase-ios-sdk" */;
			productName = FirebaseMLModelDownloader;
		};
		67C26A902C7BCF440096126C /* FirebaseMessaging */ = {
			isa = XCSwiftPackageProductDependency;
			package = 67C26A6D2C7BCF440096126C /* XCRemoteSwiftPackageReference "firebase-ios-sdk" */;
			productName = FirebaseMessaging;
		};
		67C26A922C7BCF440096126C /* FirebasePerformance */ = {
			isa = XCSwiftPackageProductDependency;
			package = 67C26A6D2C7BCF440096126C /* XCRemoteSwiftPackageReference "firebase-ios-sdk" */;
			productName = FirebasePerformance;
		};
		67C26A942C7BCF440096126C /* FirebaseRemoteConfig */ = {
			isa = XCSwiftPackageProductDependency;
			package = 67C26A6D2C7BCF440096126C /* XCRemoteSwiftPackageReference "firebase-ios-sdk" */;
			productName = FirebaseRemoteConfig;
		};
		67C26A962C7BCF440096126C /* FirebaseStorage */ = {
			isa = XCSwiftPackageProductDependency;
			package = 67C26A6D2C7BCF440096126C /* XCRemoteSwiftPackageReference "firebase-ios-sdk" */;
			productName = FirebaseStorage;
		};
		67C26A982C7BCF440096126C /* FirebaseStorageCombine-Community */ = {
			isa = XCSwiftPackageProductDependency;
			package = 67C26A6D2C7BCF440096126C /* XCRemoteSwiftPackageReference "firebase-ios-sdk" */;
			productName = "FirebaseStorageCombine-Community";
		};
		67C26A9A2C7BCF440096126C /* FirebaseVertexAI-Preview */ = {
			isa = XCSwiftPackageProductDependency;
			package = 67C26A6D2C7BCF440096126C /* XCRemoteSwiftPackageReference "firebase-ios-sdk" */;
			productName = "FirebaseVertexAI-Preview";
		};
		67C476DE2C60B25E00CF22D7 /* SideMenu */ = {
			isa = XCSwiftPackageProductDependency;
			package = 67C476DD2C60B25E00CF22D7 /* XCRemoteSwiftPackageReference "SideMenu" */;
			productName = SideMenu;
		};
/* End XCSwiftPackageProductDependency section */
	};
	rootObject = 675E06792C5917EF00E5709B /* Project object */;
}
