// !$*UTF8*$!
{
	archiveVersion = 1;
	classes = {
	};
	objectVersion = 56;
	objects = {

/* Begin PBXBuildFile section */
		675E06852C5917EF00E5709B /* AppDelegate.swift in Sources */ = {isa = PBXBuildFile; fileRef = 675E06842C5917EF00E5709B /* AppDelegate.swift */; };
		675E06872C5917EF00E5709B /* SceneDelegate.swift in Sources */ = {isa = PBXBuildFile; fileRef = 675E06862C5917EF00E5709B /* SceneDelegate.swift */; };
		675E068C2C5917EF00E5709B /* Base in Resources */ = {isa = PBXBuildFile; fileRef = 675E068B2C5917EF00E5709B /* Base */; };
		675E06912C5917F200E5709B /* Assets.xcassets in Resources */ = {isa = PBXBuildFile; fileRef = 675E06902C5917F200E5709B /* Assets.xcassets */; };
		675E06942C5917F200E5709B /* Base in Resources */ = {isa = PBXBuildFile; fileRef = 675E06932C5917F200E5709B /* Base */; };
		67967F042C6B3C5E006A80A3 /* CurrencyViewController.swift in Sources */ = {isa = PBXBuildFile; fileRef = 67967F032C6B3C5E006A80A3 /* CurrencyViewController.swift */; };
		67967F072C6B99D9006A80A3 /* WeatherViewController.swift in Sources */ = {isa = PBXBuildFile; fileRef = 67967F062C6B99D9006A80A3 /* WeatherViewController.swift */; };
		67967F092C6B9E3C006A80A3 /* APIWeather.swift in Sources */ = {isa = PBXBuildFile; fileRef = 67967F082C6B9E3C006A80A3 /* APIWeather.swift */; };
		67C2EE452C5F8D9E00E6FC6D /* NewsTableViewCell.swift in Sources */ = {isa = PBXBuildFile; fileRef = 67C2EE442C5F8D9E00E6FC6D /* NewsTableViewCell.swift */; };
		67C2EE472C5F8DA900E6FC6D /* APICaller.swift in Sources */ = {isa = PBXBuildFile; fileRef = 67C2EE462C5F8DA900E6FC6D /* APICaller.swift */; };
		67C2EE7C2C5FFDAC00E6FC6D /* ViewController.swift in Sources */ = {isa = PBXBuildFile; fileRef = 67C2EE7B2C5FFDAC00E6FC6D /* ViewController.swift */; };
		67C476DF2C60B25E00CF22D7 /* SideMenu in Frameworks */ = {isa = PBXBuildFile; productRef = 67C476DE2C60B25E00CF22D7 /* SideMenu */; };
		67C476E12C60F74C00CF22D7 /* MenuListController.swift in Sources */ = {isa = PBXBuildFile; fileRef = 67C476E02C60F74C00CF22D7 /* MenuListController.swift */; };
		67C476E52C614F2700CF22D7 /* SettingsViewController.swift in Sources */ = {isa = PBXBuildFile; fileRef = 67C476E42C614F2700CF22D7 /* SettingsViewController.swift */; };
		67C477012C621F4100CF22D7 /* Localizable.strings in Resources */ = {isa = PBXBuildFile; fileRef = 67C476FF2C621F4100CF22D7 /* Localizable.strings */; };
		67EAF5922C626027006AD6F9 /* Localizable.swift in Sources */ = {isa = PBXBuildFile; fileRef = 67EAF5912C626027006AD6F9 /* Localizable.swift */; };
		67EFE9252C7326A600259666 /* WeatherCollectionViewCell.swift in Sources */ = {isa = PBXBuildFile; fileRef = 67EFE9232C7326A600259666 /* WeatherCollectionViewCell.swift */; };
		67EFE9262C7326A600259666 /* WeatherCollectionViewCell.xib in Resources */ = {isa = PBXBuildFile; fileRef = 67EFE9242C7326A600259666 /* WeatherCollectionViewCell.xib */; };
		67EFE9292C735F8C00259666 /* WeatherResponse.swift in Sources */ = {isa = PBXBuildFile; fileRef = 67EFE9282C735F8C00259666 /* WeatherResponse.swift */; };
		67F341DF2C6D4BB5004A0907 /* WeatherTableViewCell2.swift in Sources */ = {isa = PBXBuildFile; fileRef = 67F341DE2C6D4BB5004A0907 /* WeatherTableViewCell2.swift */; };
		67F341E42C6F94F5004A0907 /* WeatherTableViewCell.swift in Sources */ = {isa = PBXBuildFile; fileRef = 67F341E22C6F94F5004A0907 /* WeatherTableViewCell.swift */; };
		67F341E52C6F94F5004A0907 /* WeatherTableViewCell.xib in Resources */ = {isa = PBXBuildFile; fileRef = 67F341E32C6F94F5004A0907 /* WeatherTableViewCell.xib */; };
		67F341E82C6F953A004A0907 /* HourlyTableViewCell.swift in Sources */ = {isa = PBXBuildFile; fileRef = 67F341E62C6F953A004A0907 /* HourlyTableViewCell.swift */; };
		67F341E92C6F953A004A0907 /* HourlyTableViewCell.xib in Resources */ = {isa = PBXBuildFile; fileRef = 67F341E72C6F953A004A0907 /* HourlyTableViewCell.xib */; };
/* End PBXBuildFile section */

/* Begin PBXFileReference section */
		675E06812C5917EF00E5709B /* NewsApp.app */ = {isa = PBXFileReference; explicitFileType = wrapper.application; includeInIndex = 0; path = NewsApp.app; sourceTree = BUILT_PRODUCTS_DIR; };
		675E06842C5917EF00E5709B /* AppDelegate.swift */ = {isa = PBXFileReference; lastKnownFileType = sourcecode.swift; path = AppDelegate.swift; sourceTree = "<group>"; };
		675E06862C5917EF00E5709B /* SceneDelegate.swift */ = {isa = PBXFileReference; lastKnownFileType = sourcecode.swift; path = SceneDelegate.swift; sourceTree = "<group>"; };
		675E068B2C5917EF00E5709B /* Base */ = {isa = PBXFileReference; lastKnownFileType = file.storyboard; name = Base; path = Base.lproj/Main.storyboard; sourceTree = "<group>"; };
		675E06902C5917F200E5709B /* Assets.xcassets */ = {isa = PBXFileReference; lastKnownFileType = folder.assetcatalog; path = Assets.xcassets; sourceTree = "<group>"; };
		675E06932C5917F200E5709B /* Base */ = {isa = PBXFileReference; lastKnownFileType = file.storyboard; name = Base; path = Base.lproj/LaunchScreen.storyboard; sourceTree = "<group>"; };
		675E06952C5917F200E5709B /* Info.plist */ = {isa = PBXFileReference; lastKnownFileType = text.plist.xml; path = Info.plist; sourceTree = "<group>"; };
		67967F032C6B3C5E006A80A3 /* CurrencyViewController.swift */ = {isa = PBXFileReference; lastKnownFileType = sourcecode.swift; path = CurrencyViewController.swift; sourceTree = "<group>"; };
		67967F062C6B99D9006A80A3 /* WeatherViewController.swift */ = {isa = PBXFileReference; lastKnownFileType = sourcecode.swift; path = WeatherViewController.swift; sourceTree = "<group>"; };
		67967F082C6B9E3C006A80A3 /* APIWeather.swift */ = {isa = PBXFileReference; lastKnownFileType = sourcecode.swift; path = APIWeather.swift; sourceTree = "<group>"; };
		67C2EE442C5F8D9E00E6FC6D /* NewsTableViewCell.swift */ = {isa = PBXFileReference; fileEncoding = 4; lastKnownFileType = sourcecode.swift; path = NewsTableViewCell.swift; sourceTree = "<group>"; };
		67C2EE462C5F8DA900E6FC6D /* APICaller.swift */ = {isa = PBXFileReference; fileEncoding = 4; lastKnownFileType = sourcecode.swift; path = APICaller.swift; sourceTree = "<group>"; };
		67C2EE7B2C5FFDAC00E6FC6D /* ViewController.swift */ = {isa = PBXFileReference; lastKnownFileType = sourcecode.swift; path = ViewController.swift; sourceTree = "<group>"; };
		67C476E02C60F74C00CF22D7 /* MenuListController.swift */ = {isa = PBXFileReference; lastKnownFileType = sourcecode.swift; path = MenuListController.swift; sourceTree = "<group>"; };
		67C476E42C614F2700CF22D7 /* SettingsViewController.swift */ = {isa = PBXFileReference; lastKnownFileType = sourcecode.swift; path = SettingsViewController.swift; sourceTree = "<group>"; };
		67C477002C621F4100CF22D7 /* en */ = {isa = PBXFileReference; lastKnownFileType = text.plist.strings; name = en; path = en.lproj/Localizable.strings; sourceTree = "<group>"; };
		67C477052C623EF100CF22D7 /* en */ = {isa = PBXFileReference; lastKnownFileType = text.plist.strings; name = en; path = en.lproj/Main.strings; sourceTree = "<group>"; };
		67C477062C623F0800CF22D7 /* tr */ = {isa = PBXFileReference; lastKnownFileType = text.plist.strings; name = tr; path = tr.lproj/Main.strings; sourceTree = "<group>"; };
		67C477072C623F0800CF22D7 /* tr */ = {isa = PBXFileReference; lastKnownFileType = text.plist.strings; name = tr; path = tr.lproj/LaunchScreen.strings; sourceTree = "<group>"; };
		67C477082C623F1600CF22D7 /* tr */ = {isa = PBXFileReference; lastKnownFileType = text.plist.strings; name = tr; path = tr.lproj/Localizable.strings; sourceTree = "<group>"; };
		67EAF5912C626027006AD6F9 /* Localizable.swift */ = {isa = PBXFileReference; lastKnownFileType = sourcecode.swift; path = Localizable.swift; sourceTree = "<group>"; };
		67EFE9232C7326A600259666 /* WeatherCollectionViewCell.swift */ = {isa = PBXFileReference; lastKnownFileType = sourcecode.swift; path = WeatherCollectionViewCell.swift; sourceTree = "<group>"; };
		67EFE9242C7326A600259666 /* WeatherCollectionViewCell.xib */ = {isa = PBXFileReference; lastKnownFileType = file.xib; path = WeatherCollectionViewCell.xib; sourceTree = "<group>"; };
		67EFE9282C735F8C00259666 /* WeatherResponse.swift */ = {isa = PBXFileReference; lastKnownFileType = sourcecode.swift; path = WeatherResponse.swift; sourceTree = "<group>"; };
		67F341DE2C6D4BB5004A0907 /* WeatherTableViewCell2.swift */ = {isa = PBXFileReference; lastKnownFileType = sourcecode.swift; path = WeatherTableViewCell2.swift; sourceTree = "<group>"; };
		67F341E22C6F94F5004A0907 /* WeatherTableViewCell.swift */ = {isa = PBXFileReference; lastKnownFileType = sourcecode.swift; path = WeatherTableViewCell.swift; sourceTree = "<group>"; };
		67F341E32C6F94F5004A0907 /* WeatherTableViewCell.xib */ = {isa = PBXFileReference; lastKnownFileType = file.xib; path = WeatherTableViewCell.xib; sourceTree = "<group>"; };
		67F341E62C6F953A004A0907 /* HourlyTableViewCell.swift */ = {isa = PBXFileReference; lastKnownFileType = sourcecode.swift; path = HourlyTableViewCell.swift; sourceTree = "<group>"; };
		67F341E72C6F953A004A0907 /* HourlyTableViewCell.xib */ = {isa = PBXFileReference; lastKnownFileType = file.xib; path = HourlyTableViewCell.xib; sourceTree = "<group>"; };
/* End PBXFileReference section */

/* Begin PBXFrameworksBuildPhase section */
		675E067E2C5917EF00E5709B /* Frameworks */ = {
			isa = PBXFrameworksBuildPhase;
			buildActionMask = 2147483647;
			files = (
				67C476DF2C60B25E00CF22D7 /* SideMenu in Frameworks */,
			);
			runOnlyForDeploymentPostprocessing = 0;
		};
/* End PBXFrameworksBuildPhase section */

/* Begin PBXGroup section */
		675E06782C5917EF00E5709B = {
			isa = PBXGroup;
			children = (
				675E06832C5917EF00E5709B /* NewsApp */,
				675E06822C5917EF00E5709B /* Products */,
			);
			sourceTree = "<group>";
		};
		675E06822C5917EF00E5709B /* Products */ = {
			isa = PBXGroup;
			children = (
				675E06812C5917EF00E5709B /* NewsApp.app */,
			);
			name = Products;
			sourceTree = "<group>";
		};
		675E06832C5917EF00E5709B /* NewsApp */ = {
			isa = PBXGroup;
			children = (
				67967F052C6B99BB006A80A3 /* Weather */,
				67967F022C6B3C13006A80A3 /* Currency */,
				67DA80C02C642AB700B116AD /* News */,
				67DA80BF2C642A7600B116AD /* SideBar */,
				678BC6CB2C69E71F00F3FEAD /* System */,
				675E06902C5917F200E5709B /* Assets.xcassets */,
				675E06952C5917F200E5709B /* Info.plist */,
			);
			path = NewsApp;
			sourceTree = "<group>";
		};
		678BC6CB2C69E71F00F3FEAD /* System */ = {
			isa = PBXGroup;
			children = (
				675E06922C5917F200E5709B /* LaunchScreen.storyboard */,
				675E068A2C5917EF00E5709B /* Main.storyboard */,
				675E06842C5917EF00E5709B /* AppDelegate.swift */,
				675E06862C5917EF00E5709B /* SceneDelegate.swift */,
			);
			path = System;
			sourceTree = "<group>";
		};
		67967F022C6B3C13006A80A3 /* Currency */ = {
			isa = PBXGroup;
			children = (
				67967F032C6B3C5E006A80A3 /* CurrencyViewController.swift */,
			);
			path = Currency;
			sourceTree = "<group>";
		};
		67967F052C6B99BB006A80A3 /* Weather */ = {
			isa = PBXGroup;
			children = (
				67EFE9272C735F6C00259666 /* Models */,
				67EFE9222C73265600259666 /* CollectionViewCell */,
				67967F062C6B99D9006A80A3 /* WeatherViewController.swift */,
				67F341E12C6F94BC004A0907 /* HourlyCollectionCell */,
				67F341E02C6F94A0004A0907 /* WeatherCell */,
				67967F082C6B9E3C006A80A3 /* APIWeather.swift */,
				67F341DE2C6D4BB5004A0907 /* WeatherTableViewCell2.swift */,
			);
			path = Weather;
			sourceTree = "<group>";
		};
		67DA80BF2C642A7600B116AD /* SideBar */ = {
			isa = PBXGroup;
			children = (
				67C476E42C614F2700CF22D7 /* SettingsViewController.swift */,
				67C476E02C60F74C00CF22D7 /* MenuListController.swift */,
				67EAF5912C626027006AD6F9 /* Localizable.swift */,
				67C476FF2C621F4100CF22D7 /* Localizable.strings */,
			);
			path = SideBar;
			sourceTree = "<group>";
		};
		67DA80C02C642AB700B116AD /* News */ = {
			isa = PBXGroup;
			children = (
				67C2EE7B2C5FFDAC00E6FC6D /* ViewController.swift */,
				67C2EE442C5F8D9E00E6FC6D /* NewsTableViewCell.swift */,
				67C2EE462C5F8DA900E6FC6D /* APICaller.swift */,
			);
			path = News;
			sourceTree = "<group>";
		};
		67EFE9222C73265600259666 /* CollectionViewCell */ = {
			isa = PBXGroup;
			children = (
				67EFE9232C7326A600259666 /* WeatherCollectionViewCell.swift */,
				67EFE9242C7326A600259666 /* WeatherCollectionViewCell.xib */,
			);
			path = CollectionViewCell;
			sourceTree = "<group>";
		};
		67EFE9272C735F6C00259666 /* Models */ = {
			isa = PBXGroup;
			children = (
				67EFE9282C735F8C00259666 /* WeatherResponse.swift */,
			);
			path = Models;
			sourceTree = "<group>";
		};
		67F341E02C6F94A0004A0907 /* WeatherCell */ = {
			isa = PBXGroup;
			children = (
				67F341E22C6F94F5004A0907 /* WeatherTableViewCell.swift */,
				67F341E32C6F94F5004A0907 /* WeatherTableViewCell.xib */,
			);
			path = WeatherCell;
			sourceTree = "<group>";
		};
		67F341E12C6F94BC004A0907 /* HourlyCollectionCell */ = {
			isa = PBXGroup;
			children = (
				67F341E62C6F953A004A0907 /* HourlyTableViewCell.swift */,
				67F341E72C6F953A004A0907 /* HourlyTableViewCell.xib */,
			);
			path = HourlyCollectionCell;
			sourceTree = "<group>";
		};
/* End PBXGroup section */

/* Begin PBXNativeTarget section */
		675E06802C5917EF00E5709B /* NewsApp */ = {
			isa = PBXNativeTarget;
			buildConfigurationList = 675E06982C5917F200E5709B /* Build configuration list for PBXNativeTarget "NewsApp" */;
			buildPhases = (
				675E067D2C5917EF00E5709B /* Sources */,
				675E067E2C5917EF00E5709B /* Frameworks */,
				675E067F2C5917EF00E5709B /* Resources */,
			);
			buildRules = (
			);
			dependencies = (
			);
			name = NewsApp;
			packageProductDependencies = (
				67C476DE2C60B25E00CF22D7 /* SideMenu */,
			);
			productName = NewsApp;
			productReference = 675E06812C5917EF00E5709B /* NewsApp.app */;
			productType = "com.apple.product-type.application";
		};
/* End PBXNativeTarget section */

/* Begin PBXProject section */
		675E06792C5917EF00E5709B /* Project object */ = {
			isa = PBXProject;
			attributes = {
				BuildIndependentTargetsInParallel = 1;
				LastSwiftUpdateCheck = 1540;
				LastUpgradeCheck = 1540;
				TargetAttributes = {
					675E06802C5917EF00E5709B = {
						CreatedOnToolsVersion = 15.4;
					};
				};
			};
			buildConfigurationList = 675E067C2C5917EF00E5709B /* Build configuration list for PBXProject "NewsApp" */;
			compatibilityVersion = "Xcode 14.0";
			developmentRegion = en;
			hasScannedForEncodings = 0;
			knownRegions = (
				en,
				Base,
				tr,
			);
			mainGroup = 675E06782C5917EF00E5709B;
			packageReferences = (
				67C476DD2C60B25E00CF22D7 /* XCRemoteSwiftPackageReference "SideMenu" */,
				67EFE93A2C736A9400259666 /* XCRemoteSwiftPackageReference "swift-numerics" */,
				67EFE9412C736B5000259666 /* XCRemoteSwiftPackageReference "realm-swift" */,
			);
			productRefGroup = 675E06822C5917EF00E5709B /* Products */;
			projectDirPath = "";
			projectRoot = "";
			targets = (
				675E06802C5917EF00E5709B /* NewsApp */,
			);
		};
/* End PBXProject section */

/* Begin PBXResourcesBuildPhase section */
		675E067F2C5917EF00E5709B /* Resources */ = {
			isa = PBXResourcesBuildPhase;
			buildActionMask = 2147483647;
			files = (
				67F341E92C6F953A004A0907 /* HourlyTableViewCell.xib in Resources */,
				675E06912C5917F200E5709B /* Assets.xcassets in Resources */,
				67C477012C621F4100CF22D7 /* Localizable.strings in Resources */,
				67EFE9262C7326A600259666 /* WeatherCollectionViewCell.xib in Resources */,
				67F341E52C6F94F5004A0907 /* WeatherTableViewCell.xib in Resources */,
				675E06942C5917F200E5709B /* Base in Resources */,
				675E068C2C5917EF00E5709B /* Base in Resources */,
			);
			runOnlyForDeploymentPostprocessing = 0;
		};
/* End PBXResourcesBuildPhase section */

/* Begin PBXSourcesBuildPhase section */
		675E067D2C5917EF00E5709B /* Sources */ = {
			isa = PBXSourcesBuildPhase;
			buildActionMask = 2147483647;
			files = (
				67EFE9252C7326A600259666 /* WeatherCollectionViewCell.swift in Sources */,
				67F341DF2C6D4BB5004A0907 /* WeatherTableViewCell2.swift in Sources */,
				67C2EE7C2C5FFDAC00E6FC6D /* ViewController.swift in Sources */,
				67967F072C6B99D9006A80A3 /* WeatherViewController.swift in Sources */,
				675E06852C5917EF00E5709B /* AppDelegate.swift in Sources */,
				67C2EE452C5F8D9E00E6FC6D /* NewsTableViewCell.swift in Sources */,
				67C2EE472C5F8DA900E6FC6D /* APICaller.swift in Sources */,
				67967F042C6B3C5E006A80A3 /* CurrencyViewController.swift in Sources */,
				67C476E12C60F74C00CF22D7 /* MenuListController.swift in Sources */,
				675E06872C5917EF00E5709B /* SceneDelegate.swift in Sources */,
				67EAF5922C626027006AD6F9 /* Localizable.swift in Sources */,
				67C476E52C614F2700CF22D7 /* SettingsViewController.swift in Sources */,
				67F341E42C6F94F5004A0907 /* WeatherTableViewCell.swift in Sources */,
				67F341E82C6F953A004A0907 /* HourlyTableViewCell.swift in Sources */,
				67967F092C6B9E3C006A80A3 /* APIWeather.swift in Sources */,
				67EFE9292C735F8C00259666 /* WeatherResponse.swift in Sources */,
			);
			runOnlyForDeploymentPostprocessing = 0;
		};
/* End PBXSourcesBuildPhase section */

/* Begin PBXVariantGroup section */
		675E068A2C5917EF00E5709B /* Main.storyboard */ = {
			isa = PBXVariantGroup;
			children = (
				675E068B2C5917EF00E5709B /* Base */,
				67C477052C623EF100CF22D7 /* en */,
				67C477062C623F0800CF22D7 /* tr */,
			);
			name = Main.storyboard;
			sourceTree = "<group>";
		};
		675E06922C5917F200E5709B /* LaunchScreen.storyboard */ = {
			isa = PBXVariantGroup;
			children = (
				675E06932C5917F200E5709B /* Base */,
				67C477072C623F0800CF22D7 /* tr */,
			);
			name = LaunchScreen.storyboard;
			sourceTree = "<group>";
		};
		67C476FF2C621F4100CF22D7 /* Localizable.strings */ = {
			isa = PBXVariantGroup;
			children = (
				67C477002C621F4100CF22D7 /* en */,
				67C477082C623F1600CF22D7 /* tr */,
			);
			name = Localizable.strings;
			sourceTree = "<group>";
		};
/* End PBXVariantGroup section */

/* Begin XCBuildConfiguration section */
		675E06962C5917F200E5709B /* Debug */ = {
			isa = XCBuildConfiguration;
			buildSettings = {
				ALWAYS_SEARCH_USER_PATHS = NO;
				ASSETCATALOG_COMPILER_GENERATE_SWIFT_ASSET_SYMBOL_EXTENSIONS = YES;
				CLANG_ANALYZER_LOCALIZABILITY_NONLOCALIZED = YES;
				CLANG_ANALYZER_NONNULL = YES;
				CLANG_ANALYZER_NUMBER_OBJECT_CONVERSION = YES_AGGRESSIVE;
				CLANG_CXX_LANGUAGE_STANDARD = "gnu++20";
				CLANG_ENABLE_MODULES = YES;
				CLANG_ENABLE_OBJC_ARC = YES;
				CLANG_ENABLE_OBJC_WEAK = YES;
				CLANG_WARN_BLOCK_CAPTURE_AUTORELEASING = YES;
				CLANG_WARN_BOOL_CONVERSION = YES;
				CLANG_WARN_COMMA = YES;
				CLANG_WARN_CONSTANT_CONVERSION = YES;
				CLANG_WARN_DEPRECATED_OBJC_IMPLEMENTATIONS = YES;
				CLANG_WARN_DIRECT_OBJC_ISA_USAGE = YES_ERROR;
				CLANG_WARN_DOCUMENTATION_COMMENTS = YES;
				CLANG_WARN_EMPTY_BODY = YES;
				CLANG_WARN_ENUM_CONVERSION = YES;
				CLANG_WARN_INFINITE_RECURSION = YES;
				CLANG_WARN_INT_CONVERSION = YES;
				CLANG_WARN_NON_LITERAL_NULL_CONVERSION = YES;
				CLANG_WARN_OBJC_IMPLICIT_RETAIN_SELF = YES;
				CLANG_WARN_OBJC_LITERAL_CONVERSION = YES;
				CLANG_WARN_OBJC_ROOT_CLASS = YES_ERROR;
				CLANG_WARN_QUOTED_INCLUDE_IN_FRAMEWORK_HEADER = YES;
				CLANG_WARN_RANGE_LOOP_ANALYSIS = YES;
				CLANG_WARN_STRICT_PROTOTYPES = YES;
				CLANG_WARN_SUSPICIOUS_MOVE = YES;
				CLANG_WARN_UNGUARDED_AVAILABILITY = YES_AGGRESSIVE;
				CLANG_WARN_UNREACHABLE_CODE = YES;
				CLANG_WARN__DUPLICATE_METHOD_MATCH = YES;
				COPY_PHASE_STRIP = NO;
				DEBUG_INFORMATION_FORMAT = dwarf;
				ENABLE_STRICT_OBJC_MSGSEND = YES;
				ENABLE_TESTABILITY = YES;
				ENABLE_USER_SCRIPT_SANDBOXING = YES;
				GCC_C_LANGUAGE_STANDARD = gnu17;
				GCC_DYNAMIC_NO_PIC = NO;
				GCC_NO_COMMON_BLOCKS = YES;
				GCC_OPTIMIZATION_LEVEL = 0;
				GCC_PREPROCESSOR_DEFINITIONS = (
					"DEBUG=1",
					"$(inherited)",
				);
				GCC_WARN_64_TO_32_BIT_CONVERSION = YES;
				GCC_WARN_ABOUT_RETURN_TYPE = YES_ERROR;
				GCC_WARN_UNDECLARED_SELECTOR = YES;
				GCC_WARN_UNINITIALIZED_AUTOS = YES_AGGRESSIVE;
				GCC_WARN_UNUSED_FUNCTION = YES;
				GCC_WARN_UNUSED_VARIABLE = YES;
				IPHONEOS_DEPLOYMENT_TARGET = 17.5;
				LOCALIZATION_PREFERS_STRING_CATALOGS = YES;
				MTL_ENABLE_DEBUG_INFO = INCLUDE_SOURCE;
				MTL_FAST_MATH = YES;
				ONLY_ACTIVE_ARCH = YES;
				SDKROOT = iphoneos;
				SWIFT_ACTIVE_COMPILATION_CONDITIONS = "DEBUG $(inherited)";
				SWIFT_OPTIMIZATION_LEVEL = "-Onone";
			};
			name = Debug;
		};
		675E06972C5917F200E5709B /* Release */ = {
			isa = XCBuildConfiguration;
			buildSettings = {
				ALWAYS_SEARCH_USER_PATHS = NO;
				ASSETCATALOG_COMPILER_GENERATE_SWIFT_ASSET_SYMBOL_EXTENSIONS = YES;
				CLANG_ANALYZER_LOCALIZABILITY_NONLOCALIZED = YES;
				CLANG_ANALYZER_NONNULL = YES;
				CLANG_ANALYZER_NUMBER_OBJECT_CONVERSION = YES_AGGRESSIVE;
				CLANG_CXX_LANGUAGE_STANDARD = "gnu++20";
				CLANG_ENABLE_MODULES = YES;
				CLANG_ENABLE_OBJC_ARC = YES;
				CLANG_ENABLE_OBJC_WEAK = YES;
				CLANG_WARN_BLOCK_CAPTURE_AUTORELEASING = YES;
				CLANG_WARN_BOOL_CONVERSION = YES;
				CLANG_WARN_COMMA = YES;
				CLANG_WARN_CONSTANT_CONVERSION = YES;
				CLANG_WARN_DEPRECATED_OBJC_IMPLEMENTATIONS = YES;
				CLANG_WARN_DIRECT_OBJC_ISA_USAGE = YES_ERROR;
				CLANG_WARN_DOCUMENTATION_COMMENTS = YES;
				CLANG_WARN_EMPTY_BODY = YES;
				CLANG_WARN_ENUM_CONVERSION = YES;
				CLANG_WARN_INFINITE_RECURSION = YES;
				CLANG_WARN_INT_CONVERSION = YES;
				CLANG_WARN_NON_LITERAL_NULL_CONVERSION = YES;
				CLANG_WARN_OBJC_IMPLICIT_RETAIN_SELF = YES;
				CLANG_WARN_OBJC_LITERAL_CONVERSION = YES;
				CLANG_WARN_OBJC_ROOT_CLASS = YES_ERROR;
				CLANG_WARN_QUOTED_INCLUDE_IN_FRAMEWORK_HEADER = YES;
				CLANG_WARN_RANGE_LOOP_ANALYSIS = YES;
				CLANG_WARN_STRICT_PROTOTYPES = YES;
				CLANG_WARN_SUSPICIOUS_MOVE = YES;
				CLANG_WARN_UNGUARDED_AVAILABILITY = YES_AGGRESSIVE;
				CLANG_WARN_UNREACHABLE_CODE = YES;
				CLANG_WARN__DUPLICATE_METHOD_MATCH = YES;
				COPY_PHASE_STRIP = NO;
				DEBUG_INFORMATION_FORMAT = "dwarf-with-dsym";
				ENABLE_NS_ASSERTIONS = NO;
				ENABLE_STRICT_OBJC_MSGSEND = YES;
				ENABLE_USER_SCRIPT_SANDBOXING = YES;
				GCC_C_LANGUAGE_STANDARD = gnu17;
				GCC_NO_COMMON_BLOCKS = YES;
				GCC_WARN_64_TO_32_BIT_CONVERSION = YES;
				GCC_WARN_ABOUT_RETURN_TYPE = YES_ERROR;
				GCC_WARN_UNDECLARED_SELECTOR = YES;
				GCC_WARN_UNINITIALIZED_AUTOS = YES_AGGRESSIVE;
				GCC_WARN_UNUSED_FUNCTION = YES;
				GCC_WARN_UNUSED_VARIABLE = YES;
				IPHONEOS_DEPLOYMENT_TARGET = 17.5;
				LOCALIZATION_PREFERS_STRING_CATALOGS = YES;
				MTL_ENABLE_DEBUG_INFO = NO;
				MTL_FAST_MATH = YES;
				SDKROOT = iphoneos;
				SWIFT_COMPILATION_MODE = wholemodule;
				VALIDATE_PRODUCT = YES;
			};
			name = Release;
		};
		675E06992C5917F200E5709B /* Debug */ = {
			isa = XCBuildConfiguration;
			buildSettings = {
				ASSETCATALOG_COMPILER_APPICON_NAME = AppIcon;
				ASSETCATALOG_COMPILER_GLOBAL_ACCENT_COLOR_NAME = AccentColor;
				CODE_SIGN_STYLE = Automatic;
				CURRENT_PROJECT_VERSION = 1;
				DEVELOPMENT_TEAM = 26MRJS5JNB;
				GENERATE_INFOPLIST_FILE = YES;
				INFOPLIST_FILE = NewsApp/Info.plist;
				INFOPLIST_KEY_UIApplicationSupportsIndirectInputEvents = YES;
				INFOPLIST_KEY_UILaunchStoryboardName = LaunchScreen;
				INFOPLIST_KEY_UIMainStoryboardFile = Main;
				INFOPLIST_KEY_UISupportedInterfaceOrientations_iPad = "UIInterfaceOrientationPortrait UIInterfaceOrientationPortraitUpsideDown UIInterfaceOrientationLandscapeLeft UIInterfaceOrientationLandscapeRight";
				INFOPLIST_KEY_UISupportedInterfaceOrientations_iPhone = "UIInterfaceOrientationPortrait UIInterfaceOrientationLandscapeLeft UIInterfaceOrientationLandscapeRight";
				IPHONEOS_DEPLOYMENT_TARGET = 16.0;
				LD_RUNPATH_SEARCH_PATHS = (
					"$(inherited)",
					"@executable_path/Frameworks",
				);
				MARKETING_VERSION = 1.0;
				PRODUCT_BUNDLE_IDENTIFIER = com.elifataseven.NewsApp;
				PRODUCT_NAME = "$(TARGET_NAME)";
				SUPPORTED_PLATFORMS = "iphoneos iphonesimulator";
				SUPPORTS_MACCATALYST = NO;
				SUPPORTS_MAC_DESIGNED_FOR_IPHONE_IPAD = NO;
				SUPPORTS_XR_DESIGNED_FOR_IPHONE_IPAD = NO;
				SWIFT_EMIT_LOC_STRINGS = YES;
				SWIFT_VERSION = 5.0;
				TARGETED_DEVICE_FAMILY = "1,2";
			};
			name = Debug;
		};
		675E069A2C5917F200E5709B /* Release */ = {
			isa = XCBuildConfiguration;
			buildSettings = {
				ASSETCATALOG_COMPILER_APPICON_NAME = AppIcon;
				ASSETCATALOG_COMPILER_GLOBAL_ACCENT_COLOR_NAME = AccentColor;
				CODE_SIGN_STYLE = Automatic;
				CURRENT_PROJECT_VERSION = 1;
				DEVELOPMENT_TEAM = 26MRJS5JNB;
				GENERATE_INFOPLIST_FILE = YES;
				INFOPLIST_FILE = NewsApp/Info.plist;
				INFOPLIST_KEY_UIApplicationSupportsIndirectInputEvents = YES;
				INFOPLIST_KEY_UILaunchStoryboardName = LaunchScreen;
				INFOPLIST_KEY_UIMainStoryboardFile = Main;
				INFOPLIST_KEY_UISupportedInterfaceOrientations_iPad = "UIInterfaceOrientationPortrait UIInterfaceOrientationPortraitUpsideDown UIInterfaceOrientationLandscapeLeft UIInterfaceOrientationLandscapeRight";
				INFOPLIST_KEY_UISupportedInterfaceOrientations_iPhone = "UIInterfaceOrientationPortrait UIInterfaceOrientationLandscapeLeft UIInterfaceOrientationLandscapeRight";
				IPHONEOS_DEPLOYMENT_TARGET = 16.0;
				LD_RUNPATH_SEARCH_PATHS = (
					"$(inherited)",
					"@executable_path/Frameworks",
				);
				MARKETING_VERSION = 1.0;
				PRODUCT_BUNDLE_IDENTIFIER = com.elifataseven.NewsApp;
				PRODUCT_NAME = "$(TARGET_NAME)";
				SUPPORTED_PLATFORMS = "iphoneos iphonesimulator";
				SUPPORTS_MACCATALYST = NO;
				SUPPORTS_MAC_DESIGNED_FOR_IPHONE_IPAD = NO;
				SUPPORTS_XR_DESIGNED_FOR_IPHONE_IPAD = NO;
				SWIFT_EMIT_LOC_STRINGS = YES;
				SWIFT_VERSION = 5.0;
				TARGETED_DEVICE_FAMILY = "1,2";
			};
			name = Release;
		};
/* End XCBuildConfiguration section */

/* Begin XCConfigurationList section */
		675E067C2C5917EF00E5709B /* Build configuration list for PBXProject "NewsApp" */ = {
			isa = XCConfigurationList;
			buildConfigurations = (
				675E06962C5917F200E5709B /* Debug */,
				675E06972C5917F200E5709B /* Release */,
			);
			defaultConfigurationIsVisible = 0;
			defaultConfigurationName = Release;
		};
		675E06982C5917F200E5709B /* Build configuration list for PBXNativeTarget "NewsApp" */ = {
			isa = XCConfigurationList;
			buildConfigurations = (
				675E06992C5917F200E5709B /* Debug */,
				675E069A2C5917F200E5709B /* Release */,
			);
			defaultConfigurationIsVisible = 0;
			defaultConfigurationName = Release;
		};
/* End XCConfigurationList section */

/* Begin XCRemoteSwiftPackageReference section */
		67C476DD2C60B25E00CF22D7 /* XCRemoteSwiftPackageReference "SideMenu" */ = {
			isa = XCRemoteSwiftPackageReference;
			repositoryURL = "https://github.com/jonkykong/SideMenu";
			requirement = {
				kind = upToNextMajorVersion;
				minimumVersion = 6.5.0;
			};
		};
		67EFE93A2C736A9400259666 /* XCRemoteSwiftPackageReference "swift-numerics" */ = {
			isa = XCRemoteSwiftPackageReference;
			repositoryURL = "https://github.com/apple/swift-numerics.git";
			requirement = {
				kind = upToNextMajorVersion;
				minimumVersion = 1.0.2;
			};
		};
		67EFE9412C736B5000259666 /* XCRemoteSwiftPackageReference "realm-swift" */ = {
			isa = XCRemoteSwiftPackageReference;
			repositoryURL = "https://github.com/realm/realm-swift";
			requirement = {
				branch = master;
				kind = branch;
			};
		};
/* End XCRemoteSwiftPackageReference section */

/* Begin XCSwiftPackageProductDependency section */
		67C476DE2C60B25E00CF22D7 /* SideMenu */ = {
			isa = XCSwiftPackageProductDependency;
			package = 67C476DD2C60B25E00CF22D7 /* XCRemoteSwiftPackageReference "SideMenu" */;
			productName = SideMenu;
		};
/* End XCSwiftPackageProductDependency section */
	};
	rootObject = 675E06792C5917EF00E5709B /* Project object */;
}
